
Microsoft Visual Studio Solution File, Format Version 12.00
# Visual Studio Version 17
VisualStudioVersion = 17.10.35201.131
MinimumVisualStudioVersion = 10.0.40219.1
Project("{2150E333-8FDC-42A3-9474-1A3956D46DE8}") = "Services", "Services", "{B4728EF1-39DD-4CC1-BE76-C7523ACE409E}"
EndProject
Project("{2150E333-8FDC-42A3-9474-1A3956D46DE8}") = "Catalog", "Catalog", "{041DB961-EFA2-4F4D-A9D4-4255C3C435B7}"
EndProject
Project("{FAE04EC0-301F-11D3-BF4B-00C04F79EFBC}") = "Catalog.API", "Services\Catalog\Catalog.API\Catalog.API.csproj", "{50704271-1FF2-4F2C-B903-532F0306F0EE}"
EndProject
Global
	GlobalSection(SolutionConfigurationPlatforms) = preSolution
		Debug|Any CPU = Debug|Any CPU
		Release|Any CPU = Release|Any CPU
	EndGlobalSection
	GlobalSection(ProjectConfigurationPlatforms) = postSolution
		{50704271-1FF2-4F2C-B903-532F0306F0EE}.Debug|Any CPU.ActiveCfg = Debug|Any CPU
		{50704271-1FF2-4F2C-B903-532F0306F0EE}.Debug|Any CPU.Build.0 = Debug|Any CPU
		{50704271-1FF2-4F2C-B903-532F0306F0EE}.Release|Any CPU.ActiveCfg = Release|Any CPU
		{50704271-1FF2-4F2C-B903-532F0306F0EE}.Release|Any CPU.Build.0 = Release|Any CPU
	EndGlobalSection
	GlobalSection(SolutionProperties) = preSolution
		HideSolutionNode = FALSE
	EndGlobalSection
	GlobalSection(NestedProjects) = preSolution
		{041DB961-EFA2-4F4D-A9D4-4255C3C435B7} = {B4728EF1-39DD-4CC1-BE76-C7523ACE409E}
		{50704271-1FF2-4F2C-B903-532F0306F0EE} = {041DB961-EFA2-4F4D-A9D4-4255C3C435B7}
	EndGlobalSection
	GlobalSection(ExtensibilityGlobals) = postSolution
		SolutionGuid = {3D7E7EC6-2345-40DA-8818-D52A21E32925}
	EndGlobalSection
EndGlobal
